
Microsoft Visual Studio Solution File, Format Version 12.00
Project("{FAE04EC0-301F-11D3-BF4B-00C04F79EFBC}") = "MKPay.API", "MKPay.API\MKPay.API.csproj", "{31BAA3E0-514E-474D-9C44-8AC5544EB3DD}"
EndProject
Project("{FAE04EC0-301F-11D3-BF4B-00C04F79EFBC}") = "MKPay.Core", "MKPay.Core\MKPay.Core.csproj", "{5FCA139D-7227-4740-93F6-F3666D57352B}"
EndProject
Project("{FAE04EC0-301F-11D3-BF4B-00C04F79EFBC}") = "MKPay.Infrastructure", "MKPay.Infrastructure\MKPay.Infrastructure.csproj", "{48E59DBE-276F-4DA7-AF5C-EE835C1D95C8}"
EndProject
Project("{FAE04EC0-301F-11D3-BF4B-00C04F79EFBC}") = "MKPay.Tests", "MKPay.Tests\MKPay.Tests.csproj", "{141BD7A0-58C7-4CA0-90F9-674D8661206D}"
EndProject
Global
	GlobalSection(SolutionConfigurationPlatforms) = preSolution
		Debug|Any CPU = Debug|Any CPU
		Release|Any CPU = Release|Any CPU
	EndGlobalSection
	GlobalSection(ProjectConfigurationPlatforms) = postSolution
		{31BAA3E0-514E-474D-9C44-8AC5544EB3DD}.Debug|Any CPU.ActiveCfg = Debug|Any CPU
		{31BAA3E0-514E-474D-9C44-8AC5544EB3DD}.Debug|Any CPU.Build.0 = Debug|Any CPU
		{31BAA3E0-514E-474D-9C44-8AC5544EB3DD}.Release|Any CPU.ActiveCfg = Release|Any CPU
		{31BAA3E0-514E-474D-9C44-8AC5544EB3DD}.Release|Any CPU.Build.0 = Release|Any CPU
		{5FCA139D-7227-4740-93F6-F3666D57352B}.Debug|Any CPU.ActiveCfg = Debug|Any CPU
		{5FCA139D-7227-4740-93F6-F3666D57352B}.Debug|Any CPU.Build.0 = Debug|Any CPU
		{5FCA139D-7227-4740-93F6-F3666D57352B}.Release|Any CPU.ActiveCfg = Release|Any CPU
		{5FCA139D-7227-4740-93F6-F3666D57352B}.Release|Any CPU.Build.0 = Release|Any CPU
		{48E59DBE-276F-4DA7-AF5C-EE835C1D95C8}.Debug|Any CPU.ActiveCfg = Debug|Any CPU
		{48E59DBE-276F-4DA7-AF5C-EE835C1D95C8}.Debug|Any CPU.Build.0 = Debug|Any CPU
		{48E59DBE-276F-4DA7-AF5C-EE835C1D95C8}.Release|Any CPU.ActiveCfg = Release|Any CPU
		{48E59DBE-276F-4DA7-AF5C-EE835C1D95C8}.Release|Any CPU.Build.0 = Release|Any CPU
		{141BD7A0-58C7-4CA0-90F9-674D8661206D}.Debug|Any CPU.ActiveCfg = Debug|Any CPU
		{141BD7A0-58C7-4CA0-90F9-674D8661206D}.Debug|Any CPU.Build.0 = Debug|Any CPU
		{141BD7A0-58C7-4CA0-90F9-674D8661206D}.Release|Any CPU.ActiveCfg = Release|Any CPU
		{141BD7A0-58C7-4CA0-90F9-674D8661206D}.Release|Any CPU.Build.0 = Release|Any CPU
	EndGlobalSection
EndGlobal
